
Microsoft Visual Studio Solution File, Format Version 12.00
# Visual Studio Version 16
VisualStudioVersion = 16.0.808.3
MinimumVisualStudioVersion = 10.0.40219.1
Project("{FAE04EC0-301F-11D3-BF4B-00C04F79EFBC}") = "SchedulerExample.Android", "SchedulerExample.Android\SchedulerExample.Android.csproj", "{DE087209-F719-4900-806A-44C2501BF29D}"
EndProject
Project("{FAE04EC0-301F-11D3-BF4B-00C04F79EFBC}") = "SchedulerExample.iOS", "SchedulerExample.iOS\SchedulerExample.iOS.csproj", "{AEE71C7E-7F71-4DF2-BEEC-DF6465D7AF05}"
EndProject
Project("{FAE04EC0-301F-11D3-BF4B-00C04F79EFBC}") = "SchedulerExample", "SchedulerExample\SchedulerExample.csproj", "{D9CD2089-A715-448F-90AC-E5C4E6FB414A}"
EndProject
Global
	GlobalSection(SolutionConfigurationPlatforms) = preSolution
		Debug|Any CPU = Debug|Any CPU
		Release|Any CPU = Release|Any CPU
		Debug|iPhoneSimulator = Debug|iPhoneSimulator
		Release|iPhoneSimulator = Release|iPhoneSimulator
		Debug|iPhone = Debug|iPhone
		Release|iPhone = Release|iPhone
	EndGlobalSection
	GlobalSection(ProjectConfigurationPlatforms) = postSolution
		{DE087209-F719-4900-806A-44C2501BF29D}.Debug|Any CPU.ActiveCfg = Debug|Any CPU
		{DE087209-F719-4900-806A-44C2501BF29D}.Debug|Any CPU.Build.0 = Debug|Any CPU
		{DE087209-F719-4900-806A-44C2501BF29D}.Release|Any CPU.ActiveCfg = Release|Any CPU
		{DE087209-F719-4900-806A-44C2501BF29D}.Release|Any CPU.Build.0 = Release|Any CPU
		{DE087209-F719-4900-806A-44C2501BF29D}.Debug|iPhoneSimulator.ActiveCfg = Debug|Any CPU
		{DE087209-F719-4900-806A-44C2501BF29D}.Debug|iPhoneSimulator.Build.0 = Debug|Any CPU
		{DE087209-F719-4900-806A-44C2501BF29D}.Release|iPhoneSimulator.ActiveCfg = Release|Any CPU
		{DE087209-F719-4900-806A-44C2501BF29D}.Release|iPhoneSimulator.Build.0 = Release|Any CPU
		{DE087209-F719-4900-806A-44C2501BF29D}.Debug|iPhone.ActiveCfg = Debug|Any CPU
		{DE087209-F719-4900-806A-44C2501BF29D}.Debug|iPhone.Build.0 = Debug|Any CPU
		{DE087209-F719-4900-806A-44C2501BF29D}.Release|iPhone.ActiveCfg = Release|Any CPU
		{DE087209-F719-4900-806A-44C2501BF29D}.Release|iPhone.Build.0 = Release|Any CPU
		{AEE71C7E-7F71-4DF2-BEEC-DF6465D7AF05}.Debug|Any CPU.ActiveCfg = Debug|iPhoneSimulator
		{AEE71C7E-7F71-4DF2-BEEC-DF6465D7AF05}.Debug|Any CPU.Build.0 = Debug|iPhoneSimulator
		{AEE71C7E-7F71-4DF2-BEEC-DF6465D7AF05}.Release|Any CPU.ActiveCfg = Release|iPhoneSimulator
		{AEE71C7E-7F71-4DF2-BEEC-DF6465D7AF05}.Release|Any CPU.Build.0 = Release|iPhoneSimulator
		{AEE71C7E-7F71-4DF2-BEEC-DF6465D7AF05}.Debug|iPhoneSimulator.ActiveCfg = Debug|iPhoneSimulator
		{AEE71C7E-7F71-4DF2-BEEC-DF6465D7AF05}.Debug|iPhoneSimulator.Build.0 = Debug|iPhoneSimulator
		{AEE71C7E-7F71-4DF2-BEEC-DF6465D7AF05}.Release|iPhoneSimulator.ActiveCfg = Release|iPhoneSimulator
		{AEE71C7E-7F71-4DF2-BEEC-DF6465D7AF05}.Release|iPhoneSimulator.Build.0 = Release|iPhoneSimulator
		{AEE71C7E-7F71-4DF2-BEEC-DF6465D7AF05}.Debug|iPhone.ActiveCfg = Debug|iPhone
		{AEE71C7E-7F71-4DF2-BEEC-DF6465D7AF05}.Debug|iPhone.Build.0 = Debug|iPhone
		{AEE71C7E-7F71-4DF2-BEEC-DF6465D7AF05}.Release|iPhone.ActiveCfg = Release|iPhone
		{AEE71C7E-7F71-4DF2-BEEC-DF6465D7AF05}.Release|iPhone.Build.0 = Release|iPhone
		{D9CD2089-A715-448F-90AC-E5C4E6FB414A}.Debug|Any CPU.ActiveCfg = Debug|Any CPU
		{D9CD2089-A715-448F-90AC-E5C4E6FB414A}.Debug|Any CPU.Build.0 = Debug|Any CPU
		{D9CD2089-A715-448F-90AC-E5C4E6FB414A}.Release|Any CPU.ActiveCfg = Release|Any CPU
		{D9CD2089-A715-448F-90AC-E5C4E6FB414A}.Release|Any CPU.Build.0 = Release|Any CPU
		{D9CD2089-A715-448F-90AC-E5C4E6FB414A}.Debug|iPhoneSimulator.ActiveCfg = Debug|Any CPU
		{D9CD2089-A715-448F-90AC-E5C4E6FB414A}.Debug|iPhoneSimulator.Build.0 = Debug|Any CPU
		{D9CD2089-A715-448F-90AC-E5C4E6FB414A}.Release|iPhoneSimulator.ActiveCfg = Release|Any CPU
		{D9CD2089-A715-448F-90AC-E5C4E6FB414A}.Release|iPhoneSimulator.Build.0 = Release|Any CPU
		{D9CD2089-A715-448F-90AC-E5C4E6FB414A}.Debug|iPhone.ActiveCfg = Debug|Any CPU
		{D9CD2089-A715-448F-90AC-E5C4E6FB414A}.Debug|iPhone.Build.0 = Debug|Any CPU
		{D9CD2089-A715-448F-90AC-E5C4E6FB414A}.Release|iPhone.ActiveCfg = Release|Any CPU
		{D9CD2089-A715-448F-90AC-E5C4E6FB414A}.Release|iPhone.Build.0 = Release|Any CPU
	EndGlobalSection
	GlobalSection(SolutionProperties) = preSolution
		HideSolutionNode = FALSE
	EndGlobalSection
	GlobalSection(ExtensibilityGlobals) = postSolution
		SolutionGuid = {848A76BA-AEB0-4ED6-B302-725C5E1DF5DE}
	EndGlobalSection
EndGlobal
